{
  "nodes": {
    "fenix": {
      "inputs": {
        "nixpkgs": [
          "nixpkgs"
        ],
        "rust-analyzer-src": "rust-analyzer-src"
      },
      "locked": {
        "lastModified": 1777365644,
        "narHash": "sha256-Z5Q3KNfZQoTrkUgkdrruwM0wB6jaVdM9i3Q6UgcIV9Q=",
        "owner": "nix-community",
        "repo": "fenix",
        "rev": "996ffd25e71cd97add9458da37cc8ec8f9ec6978",
        "type": "github"
      },
      "original": {
        "owner": "nix-community",
        "repo": "fenix",
        "type": "github"
      }
    },
    "nixpkgs": {
      "locked": {
        "lastModified": 1777268161,
        "narHash": "sha256-bxrdOn8SCOv8tN4JbTF/TXq7kjo9ag4M+C8yzzIRYbE=",
        "owner": "NixOS",
        "repo": "nixpkgs",
        "rev": "1c3fe55ad329cbcb28471bb30f05c9827f724c76",
        "type": "github"
      },
      "original": {
        "owner": "NixOS",
        "ref": "nixos-unstable",
        "repo": "nixpkgs",
        "type": "github"
      }
    },
    "root": {
      "inputs": {
        "fenix": "fenix",
        "nixpkgs": "nixpkgs"
      }
    },
    "rust-analyzer-src": {
      "flake": false,
      "locked": {
        "lastModified": 1777324474,
        "narHash": "sha256-CydmOyYXLAw4pAo5UHEnNHHeNHS3GmAugFXk0tsGazQ=",
        "owner": "rust-lang",
        "repo": "rust-analyzer",
        "rev": "c2a4de0fe8e7808f07b2db1ecc87238c16bf09ee",
        "type": "github"
      },
      "original": {
        "owner": "rust-lang",
        "ref": "nightly",
        "repo": "rust-analyzer",
        "type": "github"
      }
    }
  },
  "root": "root",
  "version": 7
}
